// !$*UTF8*$!
{
	archiveVersion = 1;
	classes = {
	};
	objectVersion = 56;
	objects = {

/* Begin PBXBuildFile section */
		AB36E2BF2A29198E00212757 /* MoviesApp.swift in Sources */ = {isa = PBXBuildFile; fileRef = AB36E2BE2A29198E00212757 /* MoviesApp.swift */; };
		AB36E2C32A29198F00212757 /* Assets.xcassets in Resources */ = {isa = PBXBuildFile; fileRef = AB36E2C22A29198F00212757 /* Assets.xcassets */; };
		AB36E2C62A29198F00212757 /* Preview Assets.xcassets in Resources */ = {isa = PBXBuildFile; fileRef = AB36E2C52A29198F00212757 /* Preview Assets.xcassets */; };
		AB36E2D62A2919D700212757 /* View+.swift in Sources */ = {isa = PBXBuildFile; fileRef = AB36E2D42A2919D700212757 /* View+.swift */; };
		AB36E2D72A2919D700212757 /* Color+.swift in Sources */ = {isa = PBXBuildFile; fileRef = AB36E2D52A2919D700212757 /* Color+.swift */; };
		AB36E2D92A2919FC00212757 /* MovieListItem.swift in Sources */ = {isa = PBXBuildFile; fileRef = AB36E2D82A2919FC00212757 /* MovieListItem.swift */; };
		AB36E2DD2A291A0800212757 /* MoviesListView.swift in Sources */ = {isa = PBXBuildFile; fileRef = AB36E2DA2A291A0800212757 /* MoviesListView.swift */; };
		AB36E2DE2A291A0800212757 /* MovieCell.swift in Sources */ = {isa = PBXBuildFile; fileRef = AB36E2DB2A291A0800212757 /* MovieCell.swift */; };
		AB36E2DF2A291A0800212757 /* MovieDetailView.swift in Sources */ = {isa = PBXBuildFile; fileRef = AB36E2DC2A291A0800212757 /* MovieDetailView.swift */; };
		AB5C46182A29677A0032BC34 /* MovieService.swift in Sources */ = {isa = PBXBuildFile; fileRef = AB5C46172A29677A0032BC34 /* MovieService.swift */; };
		AB5C461A2A2967B10032BC34 /* Decoder.swift in Sources */ = {isa = PBXBuildFile; fileRef = AB5C46192A2967B10032BC34 /* Decoder.swift */; };
		AB5C461C2A2967C70032BC34 /* RequestManager.swift in Sources */ = {isa = PBXBuildFile; fileRef = AB5C461B2A2967C70032BC34 /* RequestManager.swift */; };
		AB5C461E2A2968370032BC34 /* NetworkError.swift in Sources */ = {isa = PBXBuildFile; fileRef = AB5C461D2A2968370032BC34 /* NetworkError.swift */; };
		AB5C46202A2974C70032BC34 /* RequestFactory.swift in Sources */ = {isa = PBXBuildFile; fileRef = AB5C461F2A2974C70032BC34 /* RequestFactory.swift */; };
		AB5C46242A2CBDFA0032BC34 /* MovieListViewModel.swift in Sources */ = {isa = PBXBuildFile; fileRef = AB5C46232A2CBDFA0032BC34 /* MovieListViewModel.swift */; };
		AB5C46272A2E18FD0032BC34 /* Movie.swift in Sources */ = {isa = PBXBuildFile; fileRef = AB5C46262A2E18FD0032BC34 /* Movie.swift */; };
		AB5C46292A2E1D9C0032BC34 /* ResponseEntities.swift in Sources */ = {isa = PBXBuildFile; fileRef = AB5C46282A2E1D9C0032BC34 /* ResponseEntities.swift */; };
		AB5C462B2A2E26AF0032BC34 /* MovieDetailViewModel.swift in Sources */ = {isa = PBXBuildFile; fileRef = AB5C462A2A2E26AF0032BC34 /* MovieDetailViewModel.swift */; };
/* End PBXBuildFile section */

/* Begin PBXFileReference section */
		AB36E2BB2A29198E00212757 /* Movies.app */ = {isa = PBXFileReference; explicitFileType = wrapper.application; includeInIndex = 0; path = Movies.app; sourceTree = BUILT_PRODUCTS_DIR; };
		AB36E2BE2A29198E00212757 /* MoviesApp.swift */ = {isa = PBXFileReference; lastKnownFileType = sourcecode.swift; path = MoviesApp.swift; sourceTree = "<group>"; };
		AB36E2C22A29198F00212757 /* Assets.xcassets */ = {isa = PBXFileReference; lastKnownFileType = folder.assetcatalog; path = Assets.xcassets; sourceTree = "<group>"; };
		AB36E2C52A29198F00212757 /* Preview Assets.xcassets */ = {isa = PBXFileReference; lastKnownFileType = folder.assetcatalog; path = "Preview Assets.xcassets"; sourceTree = "<group>"; };
		AB36E2D42A2919D700212757 /* View+.swift */ = {isa = PBXFileReference; fileEncoding = 4; lastKnownFileType = sourcecode.swift; path = "View+.swift"; sourceTree = "<group>"; };
		AB36E2D52A2919D700212757 /* Color+.swift */ = {isa = PBXFileReference; fileEncoding = 4; lastKnownFileType = sourcecode.swift; path = "Color+.swift"; sourceTree = "<group>"; };
		AB36E2D82A2919FC00212757 /* MovieListItem.swift */ = {isa = PBXFileReference; fileEncoding = 4; lastKnownFileType = sourcecode.swift; path = MovieListItem.swift; sourceTree = "<group>"; };
		AB36E2DA2A291A0800212757 /* MoviesListView.swift */ = {isa = PBXFileReference; fileEncoding = 4; lastKnownFileType = sourcecode.swift; path = MoviesListView.swift; sourceTree = "<group>"; };
		AB36E2DB2A291A0800212757 /* MovieCell.swift */ = {isa = PBXFileReference; fileEncoding = 4; lastKnownFileType = sourcecode.swift; path = MovieCell.swift; sourceTree = "<group>"; };
		AB36E2DC2A291A0800212757 /* MovieDetailView.swift */ = {isa = PBXFileReference; fileEncoding = 4; lastKnownFileType = sourcecode.swift; path = MovieDetailView.swift; sourceTree = "<group>"; };
		AB5C46122A291F250032BC34 /* Info.plist */ = {isa = PBXFileReference; lastKnownFileType = text.plist; path = Info.plist; sourceTree = "<group>"; };
		AB5C46172A29677A0032BC34 /* MovieService.swift */ = {isa = PBXFileReference; lastKnownFileType = sourcecode.swift; path = MovieService.swift; sourceTree = "<group>"; };
		AB5C46192A2967B10032BC34 /* Decoder.swift */ = {isa = PBXFileReference; lastKnownFileType = sourcecode.swift; path = Decoder.swift; sourceTree = "<group>"; };
		AB5C461B2A2967C70032BC34 /* RequestManager.swift */ = {isa = PBXFileReference; lastKnownFileType = sourcecode.swift; path = RequestManager.swift; sourceTree = "<group>"; };
		AB5C461D2A2968370032BC34 /* NetworkError.swift */ = {isa = PBXFileReference; lastKnownFileType = sourcecode.swift; path = NetworkError.swift; sourceTree = "<group>"; };
		AB5C461F2A2974C70032BC34 /* RequestFactory.swift */ = {isa = PBXFileReference; lastKnownFileType = sourcecode.swift; path = RequestFactory.swift; sourceTree = "<group>"; };
		AB5C46232A2CBDFA0032BC34 /* MovieListViewModel.swift */ = {isa = PBXFileReference; lastKnownFileType = sourcecode.swift; path = MovieListViewModel.swift; sourceTree = "<group>"; };
		AB5C46262A2E18FD0032BC34 /* Movie.swift */ = {isa = PBXFileReference; lastKnownFileType = sourcecode.swift; path = Movie.swift; sourceTree = "<group>"; };
		AB5C46282A2E1D9C0032BC34 /* ResponseEntities.swift */ = {isa = PBXFileReference; lastKnownFileType = sourcecode.swift; path = ResponseEntities.swift; sourceTree = "<group>"; };
		AB5C462A2A2E26AF0032BC34 /* MovieDetailViewModel.swift */ = {isa = PBXFileReference; lastKnownFileType = sourcecode.swift; path = MovieDetailViewModel.swift; sourceTree = "<group>"; };
/* End PBXFileReference section */

/* Begin PBXFrameworksBuildPhase section */
		AB36E2B82A29198E00212757 /* Frameworks */ = {
			isa = PBXFrameworksBuildPhase;
			buildActionMask = 2147483647;
			files = (
			);
			runOnlyForDeploymentPostprocessing = 0;
		};
/* End PBXFrameworksBuildPhase section */

/* Begin PBXGroup section */
		AB36E2B22A29198E00212757 = {
			isa = PBXGroup;
			children = (
				AB36E2BD2A29198E00212757 /* Movies */,
				AB36E2BC2A29198E00212757 /* Products */,
			);
			sourceTree = "<group>";
		};
		AB36E2BC2A29198E00212757 /* Products */ = {
			isa = PBXGroup;
			children = (
				AB36E2BB2A29198E00212757 /* Movies.app */,
			);
			name = Products;
			sourceTree = "<group>";
		};
		AB36E2BD2A29198E00212757 /* Movies */ = {
			isa = PBXGroup;
			children = (
				AB5C46252A2E18030032BC34 /* entities */,
				AB5C46162A2964D70032BC34 /* core layer */,
				AB5C46152A2964CD0032BC34 /* service layer */,
				AB36E2E12A291A1800212757 /* model */,
				AB5C46122A291F250032BC34 /* Info.plist */,
				AB36E2E22A291A2300212757 /* presentation layer */,
				AB36E2E52A291A5300212757 /* Helpers */,
				AB36E2CC2A29199800212757 /* Supporting Files */,
			);
			path = Movies;
			sourceTree = "<group>";
		};
		AB36E2C42A29198F00212757 /* Preview Content */ = {
			isa = PBXGroup;
			children = (
				AB36E2C52A29198F00212757 /* Preview Assets.xcassets */,
			);
			path = "Preview Content";
			sourceTree = "<group>";
		};
		AB36E2CC2A29199800212757 /* Supporting Files */ = {
			isa = PBXGroup;
			children = (
				AB36E2C22A29198F00212757 /* Assets.xcassets */,
				AB36E2C42A29198F00212757 /* Preview Content */,
				AB36E2BE2A29198E00212757 /* MoviesApp.swift */,
			);
			path = "Supporting Files";
			sourceTree = "<group>";
		};
		AB36E2E12A291A1800212757 /* model */ = {
			isa = PBXGroup;
			children = (
				AB5C461D2A2968370032BC34 /* NetworkError.swift */,
				AB36E2D82A2919FC00212757 /* MovieListItem.swift */,
				AB5C46262A2E18FD0032BC34 /* Movie.swift */,
			);
			path = model;
			sourceTree = "<group>";
		};
		AB36E2E22A291A2300212757 /* presentation layer */ = {
			isa = PBXGroup;
			children = (
				AB36E2E32A291A3100212757 /* movieList */,
				AB36E2E42A291A3700212757 /* movieDetail */,
			);
			path = "presentation layer";
			sourceTree = "<group>";
		};
		AB36E2E32A291A3100212757 /* movieList */ = {
			isa = PBXGroup;
			children = (
				AB36E2DA2A291A0800212757 /* MoviesListView.swift */,
				AB36E2DB2A291A0800212757 /* MovieCell.swift */,
				AB5C46232A2CBDFA0032BC34 /* MovieListViewModel.swift */,
			);
			path = movieList;
			sourceTree = "<group>";
		};
		AB36E2E42A291A3700212757 /* movieDetail */ = {
			isa = PBXGroup;
			children = (
				AB36E2DC2A291A0800212757 /* MovieDetailView.swift */,
				AB5C462A2A2E26AF0032BC34 /* MovieDetailViewModel.swift */,
			);
			path = movieDetail;
			sourceTree = "<group>";
		};
		AB36E2E52A291A5300212757 /* Helpers */ = {
			isa = PBXGroup;
			children = (
				AB36E2D42A2919D700212757 /* View+.swift */,
				AB36E2D52A2919D700212757 /* Color+.swift */,
			);
			path = Helpers;
			sourceTree = "<group>";
		};
		AB5C46152A2964CD0032BC34 /* service layer */ = {
			isa = PBXGroup;
			children = (
				AB5C46172A29677A0032BC34 /* MovieService.swift */,
			);
			path = "service layer";
			sourceTree = "<group>";
		};
		AB5C46162A2964D70032BC34 /* core layer */ = {
			isa = PBXGroup;
			children = (
				AB5C46192A2967B10032BC34 /* Decoder.swift */,
				AB5C461B2A2967C70032BC34 /* RequestManager.swift */,
				AB5C461F2A2974C70032BC34 /* RequestFactory.swift */,
			);
			path = "core layer";
			sourceTree = "<group>";
		};
		AB5C46252A2E18030032BC34 /* entities */ = {
			isa = PBXGroup;
			children = (
				AB5C46282A2E1D9C0032BC34 /* ResponseEntities.swift */,
			);
			path = entities;
			sourceTree = "<group>";
		};
/* End PBXGroup section */

/* Begin PBXNativeTarget section */
		AB36E2BA2A29198E00212757 /* Movies */ = {
			isa = PBXNativeTarget;
			buildConfigurationList = AB36E2C92A29198F00212757 /* Build configuration list for PBXNativeTarget "Movies" */;
			buildPhases = (
				AB36E2B72A29198E00212757 /* Sources */,
				AB36E2B82A29198E00212757 /* Frameworks */,
				AB36E2B92A29198E00212757 /* Resources */,
			);
			buildRules = (
			);
			dependencies = (
			);
			name = Movies;
			productName = Movies;
			productReference = AB36E2BB2A29198E00212757 /* Movies.app */;
			productType = "com.apple.product-type.application";
		};
/* End PBXNativeTarget section */

/* Begin PBXProject section */
		AB36E2B32A29198E00212757 /* Project object */ = {
			isa = PBXProject;
			attributes = {
				BuildIndependentTargetsInParallel = 1;
				LastSwiftUpdateCheck = 1420;
				LastUpgradeCheck = 1420;
				TargetAttributes = {
					AB36E2BA2A29198E00212757 = {
						CreatedOnToolsVersion = 14.2;
					};
				};
			};
			buildConfigurationList = AB36E2B62A29198E00212757 /* Build configuration list for PBXProject "Movies" */;
			compatibilityVersion = "Xcode 14.0";
			developmentRegion = en;
			hasScannedForEncodings = 0;
			knownRegions = (
				en,
				Base,
			);
			mainGroup = AB36E2B22A29198E00212757;
			productRefGroup = AB36E2BC2A29198E00212757 /* Products */;
			projectDirPath = "";
			projectRoot = "";
			targets = (
				AB36E2BA2A29198E00212757 /* Movies */,
			);
		};
/* End PBXProject section */

/* Begin PBXResourcesBuildPhase section */
		AB36E2B92A29198E00212757 /* Resources */ = {
			isa = PBXResourcesBuildPhase;
			buildActionMask = 2147483647;
			files = (
				AB36E2C62A29198F00212757 /* Preview Assets.xcassets in Resources */,
				AB36E2C32A29198F00212757 /* Assets.xcassets in Resources */,
			);
			runOnlyForDeploymentPostprocessing = 0;
		};
/* End PBXResourcesBuildPhase section */

/* Begin PBXSourcesBuildPhase section */
		AB36E2B72A29198E00212757 /* Sources */ = {
			isa = PBXSourcesBuildPhase;
			buildActionMask = 2147483647;
			files = (
				AB36E2DE2A291A0800212757 /* MovieCell.swift in Sources */,
				AB5C46202A2974C70032BC34 /* RequestFactory.swift in Sources */,
				AB36E2DD2A291A0800212757 /* MoviesListView.swift in Sources */,
				AB36E2D92A2919FC00212757 /* MovieListItem.swift in Sources */,
				AB5C462B2A2E26AF0032BC34 /* MovieDetailViewModel.swift in Sources */,
				AB36E2D72A2919D700212757 /* Color+.swift in Sources */,
				AB5C46242A2CBDFA0032BC34 /* MovieListViewModel.swift in Sources */,
				AB5C46182A29677A0032BC34 /* MovieService.swift in Sources */,
				AB36E2DF2A291A0800212757 /* MovieDetailView.swift in Sources */,
				AB5C46272A2E18FD0032BC34 /* Movie.swift in Sources */,
				AB5C461C2A2967C70032BC34 /* RequestManager.swift in Sources */,
				AB36E2D62A2919D700212757 /* View+.swift in Sources */,
				AB5C461E2A2968370032BC34 /* NetworkError.swift in Sources */,
				AB5C46292A2E1D9C0032BC34 /* ResponseEntities.swift in Sources */,
				AB5C461A2A2967B10032BC34 /* Decoder.swift in Sources */,
				AB36E2BF2A29198E00212757 /* MoviesApp.swift in Sources */,
			);
			runOnlyForDeploymentPostprocessing = 0;
		};
/* End PBXSourcesBuildPhase section */

/* Begin XCBuildConfiguration section */
		AB36E2C72A29198F00212757 /* Debug */ = {
			isa = XCBuildConfiguration;
			buildSettings = {
				ALWAYS_SEARCH_USER_PATHS = NO;
				CLANG_ANALYZER_NONNULL = YES;
				CLANG_ANALYZER_NUMBER_OBJECT_CONVERSION = YES_AGGRESSIVE;
				CLANG_CXX_LANGUAGE_STANDARD = "gnu++20";
				CLANG_ENABLE_MODULES = YES;
				CLANG_ENABLE_OBJC_ARC = YES;
				CLANG_ENABLE_OBJC_WEAK = YES;
				CLANG_WARN_BLOCK_CAPTURE_AUTORELEASING = YES;
				CLANG_WARN_BOOL_CONVERSION = YES;
				CLANG_WARN_COMMA = YES;
				CLANG_WARN_CONSTANT_CONVERSION = YES;
				CLANG_WARN_DEPRECATED_OBJC_IMPLEMENTATIONS = YES;
				CLANG_WARN_DIRECT_OBJC_ISA_USAGE = YES_ERROR;
				CLANG_WARN_DOCUMENTATION_COMMENTS = YES;
				CLANG_WARN_EMPTY_BODY = YES;
				CLANG_WARN_ENUM_CONVERSION = YES;
				CLANG_WARN_INFINITE_RECURSION = YES;
				CLANG_WARN_INT_CONVERSION = YES;
				CLANG_WARN_NON_LITERAL_NULL_CONVERSION = YES;
				CLANG_WARN_OBJC_IMPLICIT_RETAIN_SELF = YES;
				CLANG_WARN_OBJC_LITERAL_CONVERSION = YES;
				CLANG_WARN_OBJC_ROOT_CLASS = YES_ERROR;
				CLANG_WARN_QUOTED_INCLUDE_IN_FRAMEWORK_HEADER = YES;
				CLANG_WARN_RANGE_LOOP_ANALYSIS = YES;
				CLANG_WARN_STRICT_PROTOTYPES = YES;
				CLANG_WARN_SUSPICIOUS_MOVE = YES;
				CLANG_WARN_UNGUARDED_AVAILABILITY = YES_AGGRESSIVE;
				CLANG_WARN_UNREACHABLE_CODE = YES;
				CLANG_WARN__DUPLICATE_METHOD_MATCH = YES;
				COPY_PHASE_STRIP = NO;
				DEBUG_INFORMATION_FORMAT = dwarf;
				ENABLE_STRICT_OBJC_MSGSEND = YES;
				ENABLE_TESTABILITY = YES;
				GCC_C_LANGUAGE_STANDARD = gnu11;
				GCC_DYNAMIC_NO_PIC = NO;
				GCC_NO_COMMON_BLOCKS = YES;
				GCC_OPTIMIZATION_LEVEL = 0;
				GCC_PREPROCESSOR_DEFINITIONS = (
					"DEBUG=1",
					"$(inherited)",
				);
				GCC_WARN_64_TO_32_BIT_CONVERSION = YES;
				GCC_WARN_ABOUT_RETURN_TYPE = YES_ERROR;
				GCC_WARN_UNDECLARED_SELECTOR = YES;
				GCC_WARN_UNINITIALIZED_AUTOS = YES_AGGRESSIVE;
				GCC_WARN_UNUSED_FUNCTION = YES;
				GCC_WARN_UNUSED_VARIABLE = YES;
				IPHONEOS_DEPLOYMENT_TARGET = 16.2;
				MTL_ENABLE_DEBUG_INFO = INCLUDE_SOURCE;
				MTL_FAST_MATH = YES;
				ONLY_ACTIVE_ARCH = YES;
				SDKROOT = iphoneos;
				SWIFT_ACTIVE_COMPILATION_CONDITIONS = DEBUG;
				SWIFT_OPTIMIZATION_LEVEL = "-Onone";
			};
			name = Debug;
		};
		AB36E2C82A29198F00212757 /* Release */ = {
			isa = XCBuildConfiguration;
			buildSettings = {
				ALWAYS_SEARCH_USER_PATHS = NO;
				CLANG_ANALYZER_NONNULL = YES;
				CLANG_ANALYZER_NUMBER_OBJECT_CONVERSION = YES_AGGRESSIVE;
				CLANG_CXX_LANGUAGE_STANDARD = "gnu++20";
				CLANG_ENABLE_MODULES = YES;
				CLANG_ENABLE_OBJC_ARC = YES;
				CLANG_ENABLE_OBJC_WEAK = YES;
				CLANG_WARN_BLOCK_CAPTURE_AUTORELEASING = YES;
				CLANG_WARN_BOOL_CONVERSION = YES;
				CLANG_WARN_COMMA = YES;
				CLANG_WARN_CONSTANT_CONVERSION = YES;
				CLANG_WARN_DEPRECATED_OBJC_IMPLEMENTATIONS = YES;
				CLANG_WARN_DIRECT_OBJC_ISA_USAGE = YES_ERROR;
				CLANG_WARN_DOCUMENTATION_COMMENTS = YES;
				CLANG_WARN_EMPTY_BODY = YES;
				CLANG_WARN_ENUM_CONVERSION = YES;
				CLANG_WARN_INFINITE_RECURSION = YES;
				CLANG_WARN_INT_CONVERSION = YES;
				CLANG_WARN_NON_LITERAL_NULL_CONVERSION = YES;
				CLANG_WARN_OBJC_IMPLICIT_RETAIN_SELF = YES;
				CLANG_WARN_OBJC_LITERAL_CONVERSION = YES;
				CLANG_WARN_OBJC_ROOT_CLASS = YES_ERROR;
				CLANG_WARN_QUOTED_INCLUDE_IN_FRAMEWORK_HEADER = YES;
				CLANG_WARN_RANGE_LOOP_ANALYSIS = YES;
				CLANG_WARN_STRICT_PROTOTYPES = YES;
				CLANG_WARN_SUSPICIOUS_MOVE = YES;
				CLANG_WARN_UNGUARDED_AVAILABILITY = YES_AGGRESSIVE;
				CLANG_WARN_UNREACHABLE_CODE = YES;
				CLANG_WARN__DUPLICATE_METHOD_MATCH = YES;
				COPY_PHASE_STRIP = NO;
				DEBUG_INFORMATION_FORMAT = "dwarf-with-dsym";
				ENABLE_NS_ASSERTIONS = NO;
				ENABLE_STRICT_OBJC_MSGSEND = YES;
				GCC_C_LANGUAGE_STANDARD = gnu11;
				GCC_NO_COMMON_BLOCKS = YES;
				GCC_WARN_64_TO_32_BIT_CONVERSION = YES;
				GCC_WARN_ABOUT_RETURN_TYPE = YES_ERROR;
				GCC_WARN_UNDECLARED_SELECTOR = YES;
				GCC_WARN_UNINITIALIZED_AUTOS = YES_AGGRESSIVE;
				GCC_WARN_UNUSED_FUNCTION = YES;
				GCC_WARN_UNUSED_VARIABLE = YES;
				IPHONEOS_DEPLOYMENT_TARGET = 16.2;
				MTL_ENABLE_DEBUG_INFO = NO;
				MTL_FAST_MATH = YES;
				SDKROOT = iphoneos;
				SWIFT_COMPILATION_MODE = wholemodule;
				SWIFT_OPTIMIZATION_LEVEL = "-O";
				VALIDATE_PRODUCT = YES;
			};
			name = Release;
		};
		AB36E2CA2A29198F00212757 /* Debug */ = {
			isa = XCBuildConfiguration;
			buildSettings = {
				ASSETCATALOG_COMPILER_APPICON_NAME = AppIcon;
				ASSETCATALOG_COMPILER_GLOBAL_ACCENT_COLOR_NAME = AccentColor;
				CODE_SIGN_STYLE = Automatic;
				CURRENT_PROJECT_VERSION = 1;
				DEVELOPMENT_ASSET_PATHS = "\"Movies/Supporting Files/Preview Content\"";
				ENABLE_PREVIEWS = YES;
				GENERATE_INFOPLIST_FILE = YES;
				INFOPLIST_FILE = Movies/Info.plist;
				INFOPLIST_KEY_UIApplicationSceneManifest_Generation = YES;
				INFOPLIST_KEY_UIApplicationSupportsIndirectInputEvents = YES;
				INFOPLIST_KEY_UILaunchScreen_Generation = YES;
				INFOPLIST_KEY_UISupportedInterfaceOrientations_iPad = "UIInterfaceOrientationPortrait UIInterfaceOrientationPortraitUpsideDown UIInterfaceOrientationLandscapeLeft UIInterfaceOrientationLandscapeRight";
				INFOPLIST_KEY_UISupportedInterfaceOrientations_iPhone = UIInterfaceOrientationPortrait;
				LD_RUNPATH_SEARCH_PATHS = (
					"$(inherited)",
					"@executable_path/Frameworks",
				);
				MARKETING_VERSION = 1.0;
				PRODUCT_BUNDLE_IDENTIFIER = com.ritulya.Movies;
				PRODUCT_NAME = "$(TARGET_NAME)";
				SWIFT_EMIT_LOC_STRINGS = YES;
				SWIFT_VERSION = 5.0;
				TARGETED_DEVICE_FAMILY = "1,2";
			};
			name = Debug;
		};
		AB36E2CB2A29198F00212757 /* Release */ = {
			isa = XCBuildConfiguration;
			buildSettings = {
				ASSETCATALOG_COMPILER_APPICON_NAME = AppIcon;
				ASSETCATALOG_COMPILER_GLOBAL_ACCENT_COLOR_NAME = AccentColor;
				CODE_SIGN_STYLE = Automatic;
				CURRENT_PROJECT_VERSION = 1;
				DEVELOPMENT_ASSET_PATHS = "\"Movies/Supporting Files/Preview Content\"";
				ENABLE_PREVIEWS = YES;
				GENERATE_INFOPLIST_FILE = YES;
				INFOPLIST_FILE = Movies/Info.plist;
				INFOPLIST_KEY_UIApplicationSceneManifest_Generation = YES;
				INFOPLIST_KEY_UIApplicationSupportsIndirectInputEvents = YES;
				INFOPLIST_KEY_UILaunchScreen_Generation = YES;
				INFOPLIST_KEY_UISupportedInterfaceOrientations_iPad = "UIInterfaceOrientationPortrait UIInterfaceOrientationPortraitUpsideDown UIInterfaceOrientationLandscapeLeft UIInterfaceOrientationLandscapeRight";
				INFOPLIST_KEY_UISupportedInterfaceOrientations_iPhone = UIInterfaceOrientationPortrait;
				LD_RUNPATH_SEARCH_PATHS = (
					"$(inherited)",
					"@executable_path/Frameworks",
				);
				MARKETING_VERSION = 1.0;
				PRODUCT_BUNDLE_IDENTIFIER = com.ritulya.Movies;
				PRODUCT_NAME = "$(TARGET_NAME)";
				SWIFT_EMIT_LOC_STRINGS = YES;
				SWIFT_VERSION = 5.0;
				TARGETED_DEVICE_FAMILY = "1,2";
			};
			name = Release;
		};
/* End XCBuildConfiguration section */

/* Begin XCConfigurationList section */
		AB36E2B62A29198E00212757 /* Build configuration list for PBXProject "Movies" */ = {
			isa = XCConfigurationList;
			buildConfigurations = (
				AB36E2C72A29198F00212757 /* Debug */,
				AB36E2C82A29198F00212757 /* Release */,
			);
			defaultConfigurationIsVisible = 0;
			defaultConfigurationName = Release;
		};
		AB36E2C92A29198F00212757 /* Build configuration list for PBXNativeTarget "Movies" */ = {
			isa = XCConfigurationList;
			buildConfigurations = (
				AB36E2CA2A29198F00212757 /* Debug */,
				AB36E2CB2A29198F00212757 /* Release */,
			);
			defaultConfigurationIsVisible = 0;
			defaultConfigurationName = Release;
		};
/* End XCConfigurationList section */
	};
	rootObject = AB36E2B32A29198E00212757 /* Project object */;
}
